
Microsoft Visual Studio Solution File, Format Version 12.00
# Visual Studio Version 16
VisualStudioVersion = 16.0.31702.278
MinimumVisualStudioVersion = 10.0.40219.1
Project("{FAE04EC0-301F-11D3-BF4B-00C04F79EFBC}") = "MovieRating", "MovieRating.csproj", "{805427C2-F3DB-4A59-97E4-41779C59779B}"
EndProject
Global
	GlobalSection(SolutionConfigurationPlatforms) = preSolution
		Debug|Any CPU = Debug|Any CPU
		Release|Any CPU = Release|Any CPU
	EndGlobalSection
	GlobalSection(ProjectConfigurationPlatforms) = postSolution
		{805427C2-F3DB-4A59-97E4-41779C59779B}.Debug|Any CPU.ActiveCfg = Debug|Any CPU
		{805427C2-F3DB-4A59-97E4-41779C59779B}.Debug|Any CPU.Build.0 = Debug|Any CPU
		{805427C2-F3DB-4A59-97E4-41779C59779B}.Release|Any CPU.ActiveCfg = Release|Any CPU
		{805427C2-F3DB-4A59-97E4-41779C59779B}.Release|Any CPU.Build.0 = Release|Any CPU
	EndGlobalSection
	GlobalSection(SolutionProperties) = preSolution
		HideSolutionNode = FALSE
	EndGlobalSection
	GlobalSection(ExtensibilityGlobals) = postSolution
		SolutionGuid = {4AE3B4DE-19B2-4630-97F4-171892251349}
	EndGlobalSection
EndGlobal
